
Microsoft Visual Studio Solution File, Format Version 12.00
# Visual Studio Version 17
VisualStudioVersion = 17.6.33723.286
MinimumVisualStudioVersion = 10.0.40219.1
Project("{2150E333-8FDC-42A3-9474-1A3956D46DE8}") = "src", "src", "{9E9E9DD0-8104-439D-8384-9C7A167E331F}"
EndProject
Project("{9A19103F-16F7-4668-BE54-9A1E7A4F7556}") = "Cafe.Api", "Cafe.Api\Cafe.Api.csproj", "{EA3E5485-B214-40E0-B2A4-9440E1B54768}"
EndProject
Project("{9A19103F-16F7-4668-BE54-9A1E7A4F7556}") = "Cafe.Contracts", "Cafe.Contracts\Cafe.Contracts.csproj", "{D955410E-98F5-4778-A5EB-7D10F1E10EBF}"
EndProject
Project("{9A19103F-16F7-4668-BE54-9A1E7A4F7556}") = "Cafe.Infrastructure", "Cafe.Infrastructure\Cafe.Infrastructure.csproj", "{B652D1F0-7CC5-440F-878F-F8A71D34094F}"
EndProject
Project("{9A19103F-16F7-4668-BE54-9A1E7A4F7556}") = "Cafe.Application", "Cafe.Application\Cafe.Application.csproj", "{0A66592A-E5A4-4B02-8CB7-414C192D3F2C}"
EndProject
Project("{9A19103F-16F7-4668-BE54-9A1E7A4F7556}") = "Cafe.Domain", "Cafe.Domain\Cafe.Domain.csproj", "{B43DA012-29DA-487B-87FE-CC278C1B840E}"
EndProject
Project("{2150E333-8FDC-42A3-9474-1A3956D46DE8}") = "docs", "docs", "{24AC43EB-9504-4C12-9AFC-5891F6F89B8C}"
EndProject
Project("{2150E333-8FDC-42A3-9474-1A3956D46DE8}") = "DomainModels", "DomainModels", "{D0CF6E74-EF45-42D1-96C7-884642275054}"
	ProjectSection(SolutionItems) = preProject
		docs\DomainModels\Aggregates.Host.md = docs\DomainModels\Aggregates.Host.md
		docs\DomainModels\Aggregates.Menu.md = docs\DomainModels\Aggregates.Menu.md
		Aggregates.MenuReview.md = Aggregates.MenuReview.md
		docs\DomainModels\Aggregates.MenuReview.md = docs\DomainModels\Aggregates.MenuReview.md
		docs\DomainModels\Aggregates.User.md = docs\DomainModels\Aggregates.User.md
	EndProjectSection
EndProject
Project("{2150E333-8FDC-42A3-9474-1A3956D46DE8}") = "Solution Items", "Solution Items", "{3AC52AE8-231A-4A79-BB13-3F898187286B}"
	ProjectSection(SolutionItems) = preProject
		.editorconfig = .editorconfig
	EndProjectSection
EndProject
Global
	GlobalSection(SolutionConfigurationPlatforms) = preSolution
		Debug|Any CPU = Debug|Any CPU
		Release|Any CPU = Release|Any CPU
	EndGlobalSection
	GlobalSection(ProjectConfigurationPlatforms) = postSolution
		{EA3E5485-B214-40E0-B2A4-9440E1B54768}.Debug|Any CPU.ActiveCfg = Debug|Any CPU
		{EA3E5485-B214-40E0-B2A4-9440E1B54768}.Debug|Any CPU.Build.0 = Debug|Any CPU
		{EA3E5485-B214-40E0-B2A4-9440E1B54768}.Release|Any CPU.ActiveCfg = Release|Any CPU
		{EA3E5485-B214-40E0-B2A4-9440E1B54768}.Release|Any CPU.Build.0 = Release|Any CPU
		{D955410E-98F5-4778-A5EB-7D10F1E10EBF}.Debug|Any CPU.ActiveCfg = Debug|Any CPU
		{D955410E-98F5-4778-A5EB-7D10F1E10EBF}.Debug|Any CPU.Build.0 = Debug|Any CPU
		{D955410E-98F5-4778-A5EB-7D10F1E10EBF}.Release|Any CPU.ActiveCfg = Release|Any CPU
		{D955410E-98F5-4778-A5EB-7D10F1E10EBF}.Release|Any CPU.Build.0 = Release|Any CPU
		{B652D1F0-7CC5-440F-878F-F8A71D34094F}.Debug|Any CPU.ActiveCfg = Debug|Any CPU
		{B652D1F0-7CC5-440F-878F-F8A71D34094F}.Debug|Any CPU.Build.0 = Debug|Any CPU
		{B652D1F0-7CC5-440F-878F-F8A71D34094F}.Release|Any CPU.ActiveCfg = Release|Any CPU
		{B652D1F0-7CC5-440F-878F-F8A71D34094F}.Release|Any CPU.Build.0 = Release|Any CPU
		{0A66592A-E5A4-4B02-8CB7-414C192D3F2C}.Debug|Any CPU.ActiveCfg = Debug|Any CPU
		{0A66592A-E5A4-4B02-8CB7-414C192D3F2C}.Debug|Any CPU.Build.0 = Debug|Any CPU
		{0A66592A-E5A4-4B02-8CB7-414C192D3F2C}.Release|Any CPU.ActiveCfg = Release|Any CPU
		{0A66592A-E5A4-4B02-8CB7-414C192D3F2C}.Release|Any CPU.Build.0 = Release|Any CPU
		{B43DA012-29DA-487B-87FE-CC278C1B840E}.Debug|Any CPU.ActiveCfg = Debug|Any CPU
		{B43DA012-29DA-487B-87FE-CC278C1B840E}.Debug|Any CPU.Build.0 = Debug|Any CPU
		{B43DA012-29DA-487B-87FE-CC278C1B840E}.Release|Any CPU.ActiveCfg = Release|Any CPU
		{B43DA012-29DA-487B-87FE-CC278C1B840E}.Release|Any CPU.Build.0 = Release|Any CPU
	EndGlobalSection
	GlobalSection(SolutionProperties) = preSolution
		HideSolutionNode = FALSE
	EndGlobalSection
	GlobalSection(NestedProjects) = preSolution
		{EA3E5485-B214-40E0-B2A4-9440E1B54768} = {9E9E9DD0-8104-439D-8384-9C7A167E331F}
		{D955410E-98F5-4778-A5EB-7D10F1E10EBF} = {9E9E9DD0-8104-439D-8384-9C7A167E331F}
		{B652D1F0-7CC5-440F-878F-F8A71D34094F} = {9E9E9DD0-8104-439D-8384-9C7A167E331F}
		{0A66592A-E5A4-4B02-8CB7-414C192D3F2C} = {9E9E9DD0-8104-439D-8384-9C7A167E331F}
		{B43DA012-29DA-487B-87FE-CC278C1B840E} = {9E9E9DD0-8104-439D-8384-9C7A167E331F}
		{D0CF6E74-EF45-42D1-96C7-884642275054} = {24AC43EB-9504-4C12-9AFC-5891F6F89B8C}
	EndGlobalSection
	GlobalSection(ExtensibilityGlobals) = postSolution
		SolutionGuid = {98A95809-F10D-4245-BF54-60E897C71F68}
	EndGlobalSection
EndGlobal
